
Microsoft Visual Studio Solution File, Format Version 12.00
# Visual Studio 15
VisualStudioVersion = 15.0.26124.0
MinimumVisualStudioVersion = 15.0.26124.0
Project("{2150E333-8FDC-42A3-9474-1A3956D46DE8}") = "src", "src", "{23740B9A-C9F3-4359-8C36-D582F94E9236}"
EndProject
Project("{FAE04EC0-301F-11D3-BF4B-00C04F79EFBC}") = "SquirrelayServer.Client", "src\SquirrelayServer.Client\SquirrelayServer.Client.csproj", "{B886E632-C6AD-458C-A904-358282E731F7}"
EndProject
Project("{FAE04EC0-301F-11D3-BF4B-00C04F79EFBC}") = "SquirrelayServer.Common", "src\SquirrelayServer.Common\SquirrelayServer.Common.csproj", "{5AE15DFF-7FE4-416B-BC63-0D2BBA45856E}"
EndProject
Project("{FAE04EC0-301F-11D3-BF4B-00C04F79EFBC}") = "SquirrelayServer.Server", "src\SquirrelayServer.Server\SquirrelayServer.Server.csproj", "{412E2DD9-E4FF-4B8E-B3E8-E71A24442BBB}"
EndProject
Global
	GlobalSection(SolutionConfigurationPlatforms) = preSolution
		Debug|Any CPU = Debug|Any CPU
		Debug|x64 = Debug|x64
		Debug|x86 = Debug|x86
		Release|Any CPU = Release|Any CPU
		Release|x64 = Release|x64
		Release|x86 = Release|x86
	EndGlobalSection
	GlobalSection(SolutionProperties) = preSolution
		HideSolutionNode = FALSE
	EndGlobalSection
	GlobalSection(ProjectConfigurationPlatforms) = postSolution
		{B886E632-C6AD-458C-A904-358282E731F7}.Debug|Any CPU.ActiveCfg = Debug|Any CPU
		{B886E632-C6AD-458C-A904-358282E731F7}.Debug|Any CPU.Build.0 = Debug|Any CPU
		{B886E632-C6AD-458C-A904-358282E731F7}.Debug|x64.ActiveCfg = Debug|Any CPU
		{B886E632-C6AD-458C-A904-358282E731F7}.Debug|x64.Build.0 = Debug|Any CPU
		{B886E632-C6AD-458C-A904-358282E731F7}.Debug|x86.ActiveCfg = Debug|Any CPU
		{B886E632-C6AD-458C-A904-358282E731F7}.Debug|x86.Build.0 = Debug|Any CPU
		{B886E632-C6AD-458C-A904-358282E731F7}.Release|Any CPU.ActiveCfg = Release|Any CPU
		{B886E632-C6AD-458C-A904-358282E731F7}.Release|Any CPU.Build.0 = Release|Any CPU
		{B886E632-C6AD-458C-A904-358282E731F7}.Release|x64.ActiveCfg = Release|Any CPU
		{B886E632-C6AD-458C-A904-358282E731F7}.Release|x64.Build.0 = Release|Any CPU
		{B886E632-C6AD-458C-A904-358282E731F7}.Release|x86.ActiveCfg = Release|Any CPU
		{B886E632-C6AD-458C-A904-358282E731F7}.Release|x86.Build.0 = Release|Any CPU
		{5AE15DFF-7FE4-416B-BC63-0D2BBA45856E}.Debug|Any CPU.ActiveCfg = Debug|Any CPU
		{5AE15DFF-7FE4-416B-BC63-0D2BBA45856E}.Debug|Any CPU.Build.0 = Debug|Any CPU
		{5AE15DFF-7FE4-416B-BC63-0D2BBA45856E}.Debug|x64.ActiveCfg = Debug|Any CPU
		{5AE15DFF-7FE4-416B-BC63-0D2BBA45856E}.Debug|x64.Build.0 = Debug|Any CPU
		{5AE15DFF-7FE4-416B-BC63-0D2BBA45856E}.Debug|x86.ActiveCfg = Debug|Any CPU
		{5AE15DFF-7FE4-416B-BC63-0D2BBA45856E}.Debug|x86.Build.0 = Debug|Any CPU
		{5AE15DFF-7FE4-416B-BC63-0D2BBA45856E}.Release|Any CPU.ActiveCfg = Release|Any CPU
		{5AE15DFF-7FE4-416B-BC63-0D2BBA45856E}.Release|Any CPU.Build.0 = Release|Any CPU
		{5AE15DFF-7FE4-416B-BC63-0D2BBA45856E}.Release|x64.ActiveCfg = Release|Any CPU
		{5AE15DFF-7FE4-416B-BC63-0D2BBA45856E}.Release|x64.Build.0 = Release|Any CPU
		{5AE15DFF-7FE4-416B-BC63-0D2BBA45856E}.Release|x86.ActiveCfg = Release|Any CPU
		{5AE15DFF-7FE4-416B-BC63-0D2BBA45856E}.Release|x86.Build.0 = Release|Any CPU
		{412E2DD9-E4FF-4B8E-B3E8-E71A24442BBB}.Debug|Any CPU.ActiveCfg = Debug|Any CPU
		{412E2DD9-E4FF-4B8E-B3E8-E71A24442BBB}.Debug|Any CPU.Build.0 = Debug|Any CPU
		{412E2DD9-E4FF-4B8E-B3E8-E71A24442BBB}.Debug|x64.ActiveCfg = Debug|Any CPU
		{412E2DD9-E4FF-4B8E-B3E8-E71A24442BBB}.Debug|x64.Build.0 = Debug|Any CPU
		{412E2DD9-E4FF-4B8E-B3E8-E71A24442BBB}.Debug|x86.ActiveCfg = Debug|Any CPU
		{412E2DD9-E4FF-4B8E-B3E8-E71A24442BBB}.Debug|x86.Build.0 = Debug|Any CPU
		{412E2DD9-E4FF-4B8E-B3E8-E71A24442BBB}.Release|Any CPU.ActiveCfg = Release|Any CPU
		{412E2DD9-E4FF-4B8E-B3E8-E71A24442BBB}.Release|Any CPU.Build.0 = Release|Any CPU
		{412E2DD9-E4FF-4B8E-B3E8-E71A24442BBB}.Release|x64.ActiveCfg = Release|Any CPU
		{412E2DD9-E4FF-4B8E-B3E8-E71A24442BBB}.Release|x64.Build.0 = Release|Any CPU
		{412E2DD9-E4FF-4B8E-B3E8-E71A24442BBB}.Release|x86.ActiveCfg = Release|Any CPU
		{412E2DD9-E4FF-4B8E-B3E8-E71A24442BBB}.Release|x86.Build.0 = Release|Any CPU
	EndGlobalSection
	GlobalSection(NestedProjects) = preSolution
		{B886E632-C6AD-458C-A904-358282E731F7} = {23740B9A-C9F3-4359-8C36-D582F94E9236}
		{5AE15DFF-7FE4-416B-BC63-0D2BBA45856E} = {23740B9A-C9F3-4359-8C36-D582F94E9236}
		{412E2DD9-E4FF-4B8E-B3E8-E71A24442BBB} = {23740B9A-C9F3-4359-8C36-D582F94E9236}
	EndGlobalSection
EndGlobal
